Microsoft Visual Studio Solution File, Format Version 8.00
Project("{8BC9CEB8-8B4A-11D0-8D11-00A0C91BC942}") = "BZEdit32", "BZEdit32.vcproj", "{4ACA15F9-36A5-4CF0-9DD8-B41E005A95B9}"
	ProjectSection(ProjectDependencies) = postProject
		{BE8EE807-B7FD-4ACA-940C-31A8243ED5D3} = {BE8EE807-B7FD-4ACA-940C-31A8243ED5D3}
		{528F19F5-63BF-4DC2-8FB6-40C7069EE968} = {528F19F5-63BF-4DC2-8FB6-40C7069EE968}
	EndProjectSection
EndProject
Project("{8BC9CEB8-8B4A-11D0-8D11-00A0C91BC942}") = "PocketEngine", "..\PocketEngine\PocketEngine.vcproj", "{528F19F5-63BF-4DC2-8FB6-40C7069EE968}"
	ProjectSection(ProjectDependencies) = postProject
	EndProjectSection
EndProject
Project("{8BC9CEB8-8B4A-11D0-8D11-00A0C91BC942}") = "TextureMngr", "..\TextureMngr\TextureMngr.vcproj", "{BE8EE807-B7FD-4ACA-940C-31A8243ED5D3}"
	ProjectSection(ProjectDependencies) = postProject
	EndProjectSection
EndProject
Global
	GlobalSection(SolutionConfiguration) = preSolution
		Debug = Debug
		Release = Release
	EndGlobalSection
	GlobalSection(ProjectConfiguration) = postSolution
		{4ACA15F9-36A5-4CF0-9DD8-B41E005A95B9}.Debug.ActiveCfg = Debug|Win32
		{4ACA15F9-36A5-4CF0-9DD8-B41E005A95B9}.Debug.Build.0 = Debug|Win32
		{4ACA15F9-36A5-4CF0-9DD8-B41E005A95B9}.Release.ActiveCfg = Release|Win32
		{4ACA15F9-36A5-4CF0-9DD8-B41E005A95B9}.Release.Build.0 = Release|Win32
		{528F19F5-63BF-4DC2-8FB6-40C7069EE968}.Debug.ActiveCfg = Debug|Win32
		{528F19F5-63BF-4DC2-8FB6-40C7069EE968}.Debug.Build.0 = Debug|Win32
		{528F19F5-63BF-4DC2-8FB6-40C7069EE968}.Release.ActiveCfg = Release|Win32
		{528F19F5-63BF-4DC2-8FB6-40C7069EE968}.Release.Build.0 = Release|Win32
		{BE8EE807-B7FD-4ACA-940C-31A8243ED5D3}.Debug.ActiveCfg = Debug|Win32
		{BE8EE807-B7FD-4ACA-940C-31A8243ED5D3}.Debug.Build.0 = Debug|Win32
		{BE8EE807-B7FD-4ACA-940C-31A8243ED5D3}.Release.ActiveCfg = Release|Win32
		{BE8EE807-B7FD-4ACA-940C-31A8243ED5D3}.Release.Build.0 = Release|Win32
	EndGlobalSection
	GlobalSection(ExtensibilityGlobals) = postSolution
	EndGlobalSection
	GlobalSection(ExtensibilityAddIns) = postSolution
	EndGlobalSection
EndGlobal
